
Microsoft Visual Studio Solution File, Format Version 12.00
# Visual Studio Version 16
VisualStudioVersion = 16.0.31515.178
MinimumVisualStudioVersion = 10.0.40219.1
Project("{FAE04EC0-301F-11D3-BF4B-00C04F79EFBC}") = "Relational.BaseModels.AspNetCore.Generics", "Relational.BaseModels.AspNetCore.Generics.csproj", "{91DC6835-DCFE-44D5-88E2-AC93A6ACAEA8}"
EndProject
Global
	GlobalSection(SolutionConfigurationPlatforms) = preSolution
		Debug|Any CPU = Debug|Any CPU
		Release|Any CPU = Release|Any CPU
	EndGlobalSection
	GlobalSection(ProjectConfigurationPlatforms) = postSolution
		{91DC6835-DCFE-44D5-88E2-AC93A6ACAEA8}.Debug|Any CPU.ActiveCfg = Debug|Any CPU
		{91DC6835-DCFE-44D5-88E2-AC93A6ACAEA8}.Debug|Any CPU.Build.0 = Debug|Any CPU
		{91DC6835-DCFE-44D5-88E2-AC93A6ACAEA8}.Release|Any CPU.ActiveCfg = Release|Any CPU
		{91DC6835-DCFE-44D5-88E2-AC93A6ACAEA8}.Release|Any CPU.Build.0 = Release|Any CPU
	EndGlobalSection
	GlobalSection(SolutionProperties) = preSolution
		HideSolutionNode = FALSE
	EndGlobalSection
	GlobalSection(ExtensibilityGlobals) = postSolution
		SolutionGuid = {992E1BB4-B944-4A17-882C-5D9EF1F873F0}
	EndGlobalSection
EndGlobal
